
Microsoft Visual Studio Solution File, Format Version 12.00
# Visual Studio 2013
VisualStudioVersion = 12.0.30501.0
MinimumVisualStudioVersion = 10.0.40219.1
Project("{FAE04EC0-301F-11D3-BF4B-00C04F79EFBC}") = "Topshelf.LibLog", "src\Topshelf.LibLog\Topshelf.LibLog.csproj", "{9281281C-D19A-497F-8CEE-4EFC449B9DAD}"
EndProject
Global
	GlobalSection(SolutionConfigurationPlatforms) = preSolution
		Debug|Any CPU = Debug|Any CPU
		Release|Any CPU = Release|Any CPU
	EndGlobalSection
	GlobalSection(ProjectConfigurationPlatforms) = postSolution
		{9281281C-D19A-497F-8CEE-4EFC449B9DAD}.Debug|Any CPU.ActiveCfg = Debug|Any CPU
		{9281281C-D19A-497F-8CEE-4EFC449B9DAD}.Debug|Any CPU.Build.0 = Debug|Any CPU
		{9281281C-D19A-497F-8CEE-4EFC449B9DAD}.Release|Any CPU.ActiveCfg = Release|Any CPU
		{9281281C-D19A-497F-8CEE-4EFC449B9DAD}.Release|Any CPU.Build.0 = Release|Any CPU
	EndGlobalSection
	GlobalSection(SolutionProperties) = preSolution
		HideSolutionNode = FALSE
	EndGlobalSection
EndGlobal
